
Microsoft Visual Studio Solution File, Format Version 12.00
# Visual Studio Version 16
VisualStudioVersion = 16.0.29215.179
MinimumVisualStudioVersion = 10.0.40219.1
Project("{FAE04EC0-301F-11D3-BF4B-00C04F79EFBC}") = "Summative.GreetingCard", "Summative.GreetingCard\Summative.GreetingCard.csproj", "{0DB9A621-2A63-4975-A41C-481E033AE88E}"
EndProject
Global
	GlobalSection(SolutionConfigurationPlatforms) = preSolution
		Debug|Any CPU = Debug|Any CPU
		Release|Any CPU = Release|Any CPU
	EndGlobalSection
	GlobalSection(ProjectConfigurationPlatforms) = postSolution
		{0DB9A621-2A63-4975-A41C-481E033AE88E}.Debug|Any CPU.ActiveCfg = Debug|Any CPU
		{0DB9A621-2A63-4975-A41C-481E033AE88E}.Debug|Any CPU.Build.0 = Debug|Any CPU
		{0DB9A621-2A63-4975-A41C-481E033AE88E}.Release|Any CPU.ActiveCfg = Release|Any CPU
		{0DB9A621-2A63-4975-A41C-481E033AE88E}.Release|Any CPU.Build.0 = Release|Any CPU
	EndGlobalSection
	GlobalSection(SolutionProperties) = preSolution
		HideSolutionNode = FALSE
	EndGlobalSection
	GlobalSection(ExtensibilityGlobals) = postSolution
		SolutionGuid = {3D119866-D059-430D-8C51-C63728704F64}
	EndGlobalSection
EndGlobal
